
Microsoft Visual Studio Solution File, Format Version 12.00
# Visual Studio Express 15 for Windows Desktop
VisualStudioVersion = 15.0.28307.705
MinimumVisualStudioVersion = 10.0.40219.1
Project("{8BC9CEB8-8B4A-11D0-8D11-00A0C91BC942}") = "DAY3", "DAY3.vcxproj", "{378CF85C-AD6F-4406-BD71-947B2DF728A1}"
EndProject
Global
	GlobalSection(SolutionConfigurationPlatforms) = preSolution
		Debug|x64 = Debug|x64
		Debug|x86 = Debug|x86
		Release|x64 = Release|x64
		Release|x86 = Release|x86
	EndGlobalSection
	GlobalSection(ProjectConfigurationPlatforms) = postSolution
		{378CF85C-AD6F-4406-BD71-947B2DF728A1}.Debug|x64.ActiveCfg = Debug|x64
		{378CF85C-AD6F-4406-BD71-947B2DF728A1}.Debug|x64.Build.0 = Debug|x64
		{378CF85C-AD6F-4406-BD71-947B2DF728A1}.Debug|x86.ActiveCfg = Debug|Win32
		{378CF85C-AD6F-4406-BD71-947B2DF728A1}.Debug|x86.Build.0 = Debug|Win32
		{378CF85C-AD6F-4406-BD71-947B2DF728A1}.Release|x64.ActiveCfg = Release|x64
		{378CF85C-AD6F-4406-BD71-947B2DF728A1}.Release|x64.Build.0 = Release|x64
		{378CF85C-AD6F-4406-BD71-947B2DF728A1}.Release|x86.ActiveCfg = Release|Win32
		{378CF85C-AD6F-4406-BD71-947B2DF728A1}.Release|x86.Build.0 = Release|Win32
	EndGlobalSection
	GlobalSection(SolutionProperties) = preSolution
		HideSolutionNode = FALSE
	EndGlobalSection
	GlobalSection(ExtensibilityGlobals) = postSolution
		SolutionGuid = {7D398286-C110-4EB5-81C0-0493BD9CAE37}
	EndGlobalSection
EndGlobal
