<?xml version="1.0" encoding="utf-8"?>
<Project ToolsVersion="4.0" xmlns="http://schemas.microsoft.com/developer/msbuild/2003">
  <ItemGroup>
    <Filter Include="소스 파일">
      <UniqueIdentifier>{4FC737F1-C7A5-4376-A066-2A32D752A2FF}</UniqueIdentifier>
      <Extensions>cpp;c;cc;cxx;def;odl;idl;hpj;bat;asm;asmx</Extensions>
    </Filter>
    <Filter Include="헤더 파일">
      <UniqueIdentifier>{93995380-89BD-4b04-88EB-625FBE52EBFB}</UniqueIdentifier>
      <Extensions>h;hh;hpp;hxx;hm;inl;inc;ipp;xsd</Extensions>
    </Filter>
    <Filter Include="리소스 파일">
      <UniqueIdentifier>{67DA6AB6-F800-4c08-8B7A-83BB121AAD01}</UniqueIdentifier>
      <Extensions>rc;ico;cur;bmp;dlg;rc2;rct;bin;rgs;gif;jpg;jpeg;jpe;resx;tiff;tif;png;wav;mfcribbon-ms</Extensions>
    </Filter>
  </ItemGroup>
  <ItemGroup>
    <ClCompile Include="1_checked_delete.cpp">
      <Filter>소스 파일</Filter>
    </ClCompile>
    <ClCompile Include="2_explicit1.cpp">
      <Filter>소스 파일</Filter>
    </ClCompile>
    <ClCompile Include="2_explicit2.cpp">
      <Filter>소스 파일</Filter>
    </ClCompile>
    <ClCompile Include="2_explicit3.cpp">
      <Filter>소스 파일</Filter>
    </ClCompile>
    <ClCompile Include="2_explicit4.cpp">
      <Filter>소스 파일</Filter>
    </ClCompile>
    <ClCompile Include="3_make1.cpp">
      <Filter>소스 파일</Filter>
    </ClCompile>
    <ClCompile Include="3_make2.cpp">
      <Filter>소스 파일</Filter>
    </ClCompile>
    <ClCompile Include="4_coercion1.cpp">
      <Filter>소스 파일</Filter>
    </ClCompile>
    <ClCompile Include="4_coercion2.cpp">
      <Filter>소스 파일</Filter>
    </ClCompile>
    <ClCompile Include="4_coercion3.cpp">
      <Filter>소스 파일</Filter>
    </ClCompile>
    <ClCompile Include="5_using1.cpp">
      <Filter>소스 파일</Filter>
    </ClCompile>
    <ClCompile Include="5_using2.cpp">
      <Filter>소스 파일</Filter>
    </ClCompile>
    <ClCompile Include="6_bind1.cpp">
      <Filter>소스 파일</Filter>
    </ClCompile>
    <ClCompile Include="6_bind2.cpp">
      <Filter>소스 파일</Filter>
    </ClCompile>
    <ClCompile Include="6_bind3.cpp">
      <Filter>소스 파일</Filter>
    </ClCompile>
    <ClCompile Include="소스7.cpp">
      <Filter>소스 파일</Filter>
    </ClCompile>
    <ClCompile Include="7_reference_wrapper1.cpp">
      <Filter>소스 파일</Filter>
    </ClCompile>
    <ClCompile Include="7_reference_wrapper2.cpp">
      <Filter>소스 파일</Filter>
    </ClCompile>
    <ClCompile Include="7_reference_wrapper2_1.cpp">
      <Filter>소스 파일</Filter>
    </ClCompile>
    <ClCompile Include="7_reference_wrapper3.cpp">
      <Filter>소스 파일</Filter>
    </ClCompile>
    <ClCompile Include="7_reference_wrapper4.cpp">
      <Filter>소스 파일</Filter>
    </ClCompile>
    <ClCompile Include="6_bind4.cpp">
      <Filter>소스 파일</Filter>
    </ClCompile>
    <ClCompile Include="8_policy1.cpp">
      <Filter>소스 파일</Filter>
    </ClCompile>
    <ClCompile Include="8_policy2.cpp">
      <Filter>소스 파일</Filter>
    </ClCompile>
    <ClCompile Include="8_policy3.cpp">
      <Filter>소스 파일</Filter>
    </ClCompile>
    <ClCompile Include="8_policy4.cpp">
      <Filter>소스 파일</Filter>
    </ClCompile>
    <ClCompile Include="8_policy5.cpp">
      <Filter>소스 파일</Filter>
    </ClCompile>
    <ClCompile Include="8_policy5_1.cpp">
      <Filter>소스 파일</Filter>
    </ClCompile>
    <ClCompile Include="8_policy6.cpp">
      <Filter>소스 파일</Filter>
    </ClCompile>
    <ClCompile Include="9_GUI1.cpp">
      <Filter>소스 파일</Filter>
    </ClCompile>
    <ClCompile Include="9_GUI.cpp">
      <Filter>소스 파일</Filter>
    </ClCompile>
    <ClCompile Include="9_GUI2.cpp">
      <Filter>소스 파일</Filter>
    </ClCompile>
    <ClCompile Include="9_GUI3.cpp">
      <Filter>소스 파일</Filter>
    </ClCompile>
    <ClCompile Include="9_GUI4.cpp">
      <Filter>소스 파일</Filter>
    </ClCompile>
    <ClCompile Include="9_GUI5.cpp">
      <Filter>소스 파일</Filter>
    </ClCompile>
    <ClCompile Include="9_GUI6.cpp">
      <Filter>소스 파일</Filter>
    </ClCompile>
    <ClCompile Include="9_GUI7.cpp">
      <Filter>소스 파일</Filter>
    </ClCompile>
    <ClCompile Include="10_vector1.cpp">
      <Filter>소스 파일</Filter>
    </ClCompile>
    <ClCompile Include="11_memberdetect1.cpp">
      <Filter>소스 파일</Filter>
    </ClCompile>
  </ItemGroup>
  <ItemGroup>
    <ClInclude Include="cppmaster.h">
      <Filter>소스 파일</Filter>
    </ClInclude>
  </ItemGroup>
</Project>